
Microsoft Visual Studio Solution File, Format Version 12.00
# Visual Studio Version 17
VisualStudioVersion = 17.9.34622.214
MinimumVisualStudioVersion = 10.0.40219.1
Project("{FAE04EC0-301F-11D3-BF4B-00C04F79EFBC}") = "API", "API.csproj", "{4680E963-CDB5-42BB-8E8C-CC27AF2B120B}"
EndProject
Global
	GlobalSection(SolutionConfigurationPlatforms) = preSolution
		Debug|Any CPU = Debug|Any CPU
		Release|Any CPU = Release|Any CPU
	EndGlobalSection
	GlobalSection(ProjectConfigurationPlatforms) = postSolution
		{4680E963-CDB5-42BB-8E8C-CC27AF2B120B}.Debug|Any CPU.ActiveCfg = Debug|Any CPU
		{4680E963-CDB5-42BB-8E8C-CC27AF2B120B}.Debug|Any CPU.Build.0 = Debug|Any CPU
		{4680E963-CDB5-42BB-8E8C-CC27AF2B120B}.Release|Any CPU.ActiveCfg = Release|Any CPU
		{4680E963-CDB5-42BB-8E8C-CC27AF2B120B}.Release|Any CPU.Build.0 = Release|Any CPU
	EndGlobalSection
	GlobalSection(SolutionProperties) = preSolution
		HideSolutionNode = FALSE
	EndGlobalSection
	GlobalSection(ExtensibilityGlobals) = postSolution
		SolutionGuid = {0FCBAC75-6E09-49A1-80F6-1D6D76D4535D}
	EndGlobalSection
EndGlobal
